
Microsoft Visual Studio Solution File, Format Version 12.00
# Visual Studio Version 16
VisualStudioVersion = 16.0.31729.503
MinimumVisualStudioVersion = 10.0.40219.1
Project("{FAE04EC0-301F-11D3-BF4B-00C04F79EFBC}") = "WolframsRules.Common", "WolframsRules.Common\WolframsRules.Common.csproj", "{0A1679D0-1771-4B48-BC88-7E7D5CB28BFB}"
EndProject
Project("{FAE04EC0-301F-11D3-BF4B-00C04F79EFBC}") = "WolframsRules.Console", "WolframsRules.Console\WolframsRules.Console.csproj", "{ED12CA36-257D-4F0C-8935-577B11D7E6BE}"
EndProject
Global
	GlobalSection(SolutionConfigurationPlatforms) = preSolution
		Debug|Any CPU = Debug|Any CPU
		Release|Any CPU = Release|Any CPU
	EndGlobalSection
	GlobalSection(ProjectConfigurationPlatforms) = postSolution
		{0A1679D0-1771-4B48-BC88-7E7D5CB28BFB}.Debug|Any CPU.ActiveCfg = Debug|Any CPU
		{0A1679D0-1771-4B48-BC88-7E7D5CB28BFB}.Debug|Any CPU.Build.0 = Debug|Any CPU
		{0A1679D0-1771-4B48-BC88-7E7D5CB28BFB}.Release|Any CPU.ActiveCfg = Release|Any CPU
		{0A1679D0-1771-4B48-BC88-7E7D5CB28BFB}.Release|Any CPU.Build.0 = Release|Any CPU
		{ED12CA36-257D-4F0C-8935-577B11D7E6BE}.Debug|Any CPU.ActiveCfg = Debug|Any CPU
		{ED12CA36-257D-4F0C-8935-577B11D7E6BE}.Debug|Any CPU.Build.0 = Debug|Any CPU
		{ED12CA36-257D-4F0C-8935-577B11D7E6BE}.Release|Any CPU.ActiveCfg = Release|Any CPU
		{ED12CA36-257D-4F0C-8935-577B11D7E6BE}.Release|Any CPU.Build.0 = Release|Any CPU
	EndGlobalSection
	GlobalSection(SolutionProperties) = preSolution
		HideSolutionNode = FALSE
	EndGlobalSection
	GlobalSection(ExtensibilityGlobals) = postSolution
		SolutionGuid = {C4921C5F-620F-4F42-A26D-A16C9BF7319F}
	EndGlobalSection
EndGlobal
